
Microsoft Visual Studio Solution File, Format Version 12.00
# Visual Studio Version 17
VisualStudioVersion = 17.14.36518.9 d17.14
MinimumVisualStudioVersion = 10.0.40219.1
Project("{FAE04EC0-301F-11D3-BF4B-00C04F79EFBC}") = "EmployeeManagement", "EmployeeManagement\EmployeeManagement.csproj", "{8D1B44FD-54E2-4D68-9DD6-E9581C629374}"
EndProject
Global
	GlobalSection(SolutionConfigurationPlatforms) = preSolution
		Debug|Any CPU = Debug|Any CPU
		Release|Any CPU = Release|Any CPU
	EndGlobalSection
	GlobalSection(ProjectConfigurationPlatforms) = postSolution
		{8D1B44FD-54E2-4D68-9DD6-E9581C629374}.Debug|Any CPU.ActiveCfg = Debug|Any CPU
		{8D1B44FD-54E2-4D68-9DD6-E9581C629374}.Debug|Any CPU.Build.0 = Debug|Any CPU
		{8D1B44FD-54E2-4D68-9DD6-E9581C629374}.Release|Any CPU.ActiveCfg = Release|Any CPU
		{8D1B44FD-54E2-4D68-9DD6-E9581C629374}.Release|Any CPU.Build.0 = Release|Any CPU
	EndGlobalSection
	GlobalSection(SolutionProperties) = preSolution
		HideSolutionNode = FALSE
	EndGlobalSection
	GlobalSection(ExtensibilityGlobals) = postSolution
		SolutionGuid = {C458DFCC-767C-4207-8B2C-319EF7C23523}
	EndGlobalSection
EndGlobal
